// !$*UTF8*$!
{
	archiveVersion = 1;
	classes = {
	};
	objectVersion = 56;
	objects = {

/* Begin PBXBuildFile section */
		4D344683298F664E00EF544F /* MapView.swift in Sources */ = {isa = PBXBuildFile; fileRef = 4D344682298F664E00EF544F /* MapView.swift */; };
		4D344685298F676300EF544F /* Config.swift in Sources */ = {isa = PBXBuildFile; fileRef = 4D344684298F676300EF544F /* Config.swift */; };
		4D344688298F67A500EF544F /* TerraRTiOS in Frameworks */ = {isa = PBXBuildFile; productRef = 4D344687298F67A500EF544F /* TerraRTiOS */; };
		4D3C3A89298F6C600065D688 /* BetterSafariView in Frameworks */ = {isa = PBXBuildFile; productRef = 4D3C3A88298F6C600065D688 /* BetterSafariView */; };
		4D3C3A8B298F6FF70065D688 /* Helper.swift in Sources */ = {isa = PBXBuildFile; fileRef = 4D3C3A8A298F6FF70065D688 /* Helper.swift */; };
		4DAF8D42298EAEE60019024B /* Chase_IOApp.swift in Sources */ = {isa = PBXBuildFile; fileRef = 4DAF8D41298EAEE60019024B /* Chase_IOApp.swift */; };
		4DAF8D44298EAEE60019024B /* ContentView.swift in Sources */ = {isa = PBXBuildFile; fileRef = 4DAF8D43298EAEE60019024B /* ContentView.swift */; };
		4DAF8D46298EAEE70019024B /* Assets.xcassets in Resources */ = {isa = PBXBuildFile; fileRef = 4DAF8D45298EAEE70019024B /* Assets.xcassets */; };
		4DAF8D49298EAEE70019024B /* Preview Assets.xcassets in Resources */ = {isa = PBXBuildFile; fileRef = 4DAF8D48298EAEE70019024B /* Preview Assets.xcassets */; };
		4DC0517B298F64F200CFC97D /* TerraView.swift in Sources */ = {isa = PBXBuildFile; fileRef = 4DC0517A298F64F100CFC97D /* TerraView.swift */; };
/* End PBXBuildFile section */

/* Begin PBXFileReference section */
		4D344682298F664E00EF544F /* MapView.swift */ = {isa = PBXFileReference; lastKnownFileType = sourcecode.swift; path = MapView.swift; sourceTree = "<group>"; };
		4D344684298F676300EF544F /* Config.swift */ = {isa = PBXFileReference; lastKnownFileType = sourcecode.swift; path = Config.swift; sourceTree = "<group>"; };
		4D3C3A8A298F6FF70065D688 /* Helper.swift */ = {isa = PBXFileReference; lastKnownFileType = sourcecode.swift; path = Helper.swift; sourceTree = "<group>"; };
		4DAF8D3E298EAEE60019024B /* Chase.IO.app */ = {isa = PBXFileReference; explicitFileType = wrapper.application; includeInIndex = 0; path = Chase.IO.app; sourceTree = BUILT_PRODUCTS_DIR; };
		4DAF8D41298EAEE60019024B /* Chase_IOApp.swift */ = {isa = PBXFileReference; lastKnownFileType = sourcecode.swift; path = Chase_IOApp.swift; sourceTree = "<group>"; };
		4DAF8D43298EAEE60019024B /* ContentView.swift */ = {isa = PBXFileReference; lastKnownFileType = sourcecode.swift; path = ContentView.swift; sourceTree = "<group>"; };
		4DAF8D45298EAEE70019024B /* Assets.xcassets */ = {isa = PBXFileReference; lastKnownFileType = folder.assetcatalog; path = Assets.xcassets; sourceTree = "<group>"; };
		4DAF8D48298EAEE70019024B /* Preview Assets.xcassets */ = {isa = PBXFileReference; lastKnownFileType = folder.assetcatalog; path = "Preview Assets.xcassets"; sourceTree = "<group>"; };
		4DAF8D4F298EB2CD0019024B /* Chase-IO-Info.plist */ = {isa = PBXFileReference; lastKnownFileType = text.plist; path = "Chase-IO-Info.plist"; sourceTree = SOURCE_ROOT; };
		4DC0517A298F64F100CFC97D /* TerraView.swift */ = {isa = PBXFileReference; lastKnownFileType = sourcecode.swift; path = TerraView.swift; sourceTree = "<group>"; };
/* End PBXFileReference section */

/* Begin PBXFrameworksBuildPhase section */
		4DAF8D3B298EAEE60019024B /* Frameworks */ = {
			isa = PBXFrameworksBuildPhase;
			buildActionMask = 2147483647;
			files = (
				4D344688298F67A500EF544F /* TerraRTiOS in Frameworks */,
				4D3C3A89298F6C600065D688 /* BetterSafariView in Frameworks */,
			);
			runOnlyForDeploymentPostprocessing = 0;
		};
/* End PBXFrameworksBuildPhase section */

/* Begin PBXGroup section */
		4DAF8D35298EAEE60019024B = {
			isa = PBXGroup;
			children = (
				4DAF8D40298EAEE60019024B /* Chase.IO */,
				4DAF8D3F298EAEE60019024B /* Products */,
			);
			sourceTree = "<group>";
		};
		4DAF8D3F298EAEE60019024B /* Products */ = {
			isa = PBXGroup;
			children = (
				4DAF8D3E298EAEE60019024B /* Chase.IO.app */,
			);
			name = Products;
			sourceTree = "<group>";
		};
		4DAF8D40298EAEE60019024B /* Chase.IO */ = {
			isa = PBXGroup;
			children = (
				4DAF8D4F298EB2CD0019024B /* Chase-IO-Info.plist */,
				4DAF8D41298EAEE60019024B /* Chase_IOApp.swift */,
				4DAF8D43298EAEE60019024B /* ContentView.swift */,
				4D344682298F664E00EF544F /* MapView.swift */,
				4DAF8D45298EAEE70019024B /* Assets.xcassets */,
				4DAF8D47298EAEE70019024B /* Preview Content */,
				4DC0517A298F64F100CFC97D /* TerraView.swift */,
				4D344684298F676300EF544F /* Config.swift */,
				4D3C3A8A298F6FF70065D688 /* Helper.swift */,
			);
			path = Chase.IO;
			sourceTree = "<group>";
		};
		4DAF8D47298EAEE70019024B /* Preview Content */ = {
			isa = PBXGroup;
			children = (
				4DAF8D48298EAEE70019024B /* Preview Assets.xcassets */,
			);
			path = "Preview Content";
			sourceTree = "<group>";
		};
/* End PBXGroup section */

/* Begin PBXNativeTarget section */
		4DAF8D3D298EAEE60019024B /* Chase.IO */ = {
			isa = PBXNativeTarget;
			buildConfigurationList = 4DAF8D4C298EAEE70019024B /* Build configuration list for PBXNativeTarget "Chase.IO" */;
			buildPhases = (
				4DAF8D3A298EAEE60019024B /* Sources */,
				4DAF8D3B298EAEE60019024B /* Frameworks */,
				4DAF8D3C298EAEE60019024B /* Resources */,
			);
			buildRules = (
			);
			dependencies = (
			);
			name = Chase.IO;
			packageProductDependencies = (
				4D344687298F67A500EF544F /* TerraRTiOS */,
				4D3C3A88298F6C600065D688 /* BetterSafariView */,
			);
			productName = Chase.IO;
			productReference = 4DAF8D3E298EAEE60019024B /* Chase.IO.app */;
			productType = "com.apple.product-type.application";
		};
/* End PBXNativeTarget section */

/* Begin PBXProject section */
		4DAF8D36298EAEE60019024B /* Project object */ = {
			isa = PBXProject;
			attributes = {
				BuildIndependentTargetsInParallel = 1;
				LastSwiftUpdateCheck = 1420;
				LastUpgradeCheck = 1420;
				TargetAttributes = {
					4DAF8D3D298EAEE60019024B = {
						CreatedOnToolsVersion = 14.2;
					};
				};
			};
			buildConfigurationList = 4DAF8D39298EAEE60019024B /* Build configuration list for PBXProject "Chase.IO" */;
			compatibilityVersion = "Xcode 14.0";
			developmentRegion = en;
			hasScannedForEncodings = 0;
			knownRegions = (
				en,
				Base,
			);
			mainGroup = 4DAF8D35298EAEE60019024B;
			packageReferences = (
				4D344686298F67A500EF544F /* XCRemoteSwiftPackageReference "TerraRTiOS" */,
				4D3C3A87298F6C600065D688 /* XCRemoteSwiftPackageReference "BetterSafariView" */,
			);
			productRefGroup = 4DAF8D3F298EAEE60019024B /* Products */;
			projectDirPath = "";
			projectRoot = "";
			targets = (
				4DAF8D3D298EAEE60019024B /* Chase.IO */,
			);
		};
/* End PBXProject section */

/* Begin PBXResourcesBuildPhase section */
		4DAF8D3C298EAEE60019024B /* Resources */ = {
			isa = PBXResourcesBuildPhase;
			buildActionMask = 2147483647;
			files = (
				4DAF8D49298EAEE70019024B /* Preview Assets.xcassets in Resources */,
				4DAF8D46298EAEE70019024B /* Assets.xcassets in Resources */,
			);
			runOnlyForDeploymentPostprocessing = 0;
		};
/* End PBXResourcesBuildPhase section */

/* Begin PBXSourcesBuildPhase section */
		4DAF8D3A298EAEE60019024B /* Sources */ = {
			isa = PBXSourcesBuildPhase;
			buildActionMask = 2147483647;
			files = (
				4DAF8D44298EAEE60019024B /* ContentView.swift in Sources */,
				4D344683298F664E00EF544F /* MapView.swift in Sources */,
				4D344685298F676300EF544F /* Config.swift in Sources */,
				4DAF8D42298EAEE60019024B /* Chase_IOApp.swift in Sources */,
				4DC0517B298F64F200CFC97D /* TerraView.swift in Sources */,
				4D3C3A8B298F6FF70065D688 /* Helper.swift in Sources */,
			);
			runOnlyForDeploymentPostprocessing = 0;
		};
/* End PBXSourcesBuildPhase section */

/* Begin XCBuildConfiguration section */
		4DAF8D4A298EAEE70019024B /* Debug */ = {
			isa = XCBuildConfiguration;
			buildSettings = {
				ALWAYS_SEARCH_USER_PATHS = NO;
				CLANG_ANALYZER_NONNULL = YES;
				CLANG_ANALYZER_NUMBER_OBJECT_CONVERSION = YES_AGGRESSIVE;
				CLANG_CXX_LANGUAGE_STANDARD = "gnu++20";
				CLANG_ENABLE_MODULES = YES;
				CLANG_ENABLE_OBJC_ARC = YES;
				CLANG_ENABLE_OBJC_WEAK = YES;
				CLANG_WARN_BLOCK_CAPTURE_AUTORELEASING = YES;
				CLANG_WARN_BOOL_CONVERSION = YES;
				CLANG_WARN_COMMA = YES;
				CLANG_WARN_CONSTANT_CONVERSION = YES;
				CLANG_WARN_DEPRECATED_OBJC_IMPLEMENTATIONS = YES;
				CLANG_WARN_DIRECT_OBJC_ISA_USAGE = YES_ERROR;
				CLANG_WARN_DOCUMENTATION_COMMENTS = YES;
				CLANG_WARN_EMPTY_BODY = YES;
				CLANG_WARN_ENUM_CONVERSION = YES;
				CLANG_WARN_INFINITE_RECURSION = YES;
				CLANG_WARN_INT_CONVERSION = YES;
				CLANG_WARN_NON_LITERAL_NULL_CONVERSION = YES;
				CLANG_WARN_OBJC_IMPLICIT_RETAIN_SELF = YES;
				CLANG_WARN_OBJC_LITERAL_CONVERSION = YES;
				CLANG_WARN_OBJC_ROOT_CLASS = YES_ERROR;
				CLANG_WARN_QUOTED_INCLUDE_IN_FRAMEWORK_HEADER = YES;
				CLANG_WARN_RANGE_LOOP_ANALYSIS = YES;
				CLANG_WARN_STRICT_PROTOTYPES = YES;
				CLANG_WARN_SUSPICIOUS_MOVE = YES;
				CLANG_WARN_UNGUARDED_AVAILABILITY = YES_AGGRESSIVE;
				CLANG_WARN_UNREACHABLE_CODE = YES;
				CLANG_WARN__DUPLICATE_METHOD_MATCH = YES;
				COPY_PHASE_STRIP = NO;
				DEBUG_INFORMATION_FORMAT = dwarf;
				ENABLE_STRICT_OBJC_MSGSEND = YES;
				ENABLE_TESTABILITY = YES;
				GCC_C_LANGUAGE_STANDARD = gnu11;
				GCC_DYNAMIC_NO_PIC = NO;
				GCC_NO_COMMON_BLOCKS = YES;
				GCC_OPTIMIZATION_LEVEL = 0;
				GCC_PREPROCESSOR_DEFINITIONS = (
					"DEBUG=1",
					"$(inherited)",
				);
				GCC_WARN_64_TO_32_BIT_CONVERSION = YES;
				GCC_WARN_ABOUT_RETURN_TYPE = YES_ERROR;
				GCC_WARN_UNDECLARED_SELECTOR = YES;
				GCC_WARN_UNINITIALIZED_AUTOS = YES_AGGRESSIVE;
				GCC_WARN_UNUSED_FUNCTION = YES;
				GCC_WARN_UNUSED_VARIABLE = YES;
				IPHONEOS_DEPLOYMENT_TARGET = 15.0;
				MTL_ENABLE_DEBUG_INFO = INCLUDE_SOURCE;
				MTL_FAST_MATH = YES;
				ONLY_ACTIVE_ARCH = YES;
				SDKROOT = iphoneos;
				SWIFT_ACTIVE_COMPILATION_CONDITIONS = DEBUG;
				SWIFT_OPTIMIZATION_LEVEL = "-Onone";
			};
			name = Debug;
		};
		4DAF8D4B298EAEE70019024B /* Release */ = {
			isa = XCBuildConfiguration;
			buildSettings = {
				ALWAYS_SEARCH_USER_PATHS = NO;
				CLANG_ANALYZER_NONNULL = YES;
				CLANG_ANALYZER_NUMBER_OBJECT_CONVERSION = YES_AGGRESSIVE;
				CLANG_CXX_LANGUAGE_STANDARD = "gnu++20";
				CLANG_ENABLE_MODULES = YES;
				CLANG_ENABLE_OBJC_ARC = YES;
				CLANG_ENABLE_OBJC_WEAK = YES;
				CLANG_WARN_BLOCK_CAPTURE_AUTORELEASING = YES;
				CLANG_WARN_BOOL_CONVERSION = YES;
				CLANG_WARN_COMMA = YES;
				CLANG_WARN_CONSTANT_CONVERSION = YES;
				CLANG_WARN_DEPRECATED_OBJC_IMPLEMENTATIONS = YES;
				CLANG_WARN_DIRECT_OBJC_ISA_USAGE = YES_ERROR;
				CLANG_WARN_DOCUMENTATION_COMMENTS = YES;
				CLANG_WARN_EMPTY_BODY = YES;
				CLANG_WARN_ENUM_CONVERSION = YES;
				CLANG_WARN_INFINITE_RECURSION = YES;
				CLANG_WARN_INT_CONVERSION = YES;
				CLANG_WARN_NON_LITERAL_NULL_CONVERSION = YES;
				CLANG_WARN_OBJC_IMPLICIT_RETAIN_SELF = YES;
				CLANG_WARN_OBJC_LITERAL_CONVERSION = YES;
				CLANG_WARN_OBJC_ROOT_CLASS = YES_ERROR;
				CLANG_WARN_QUOTED_INCLUDE_IN_FRAMEWORK_HEADER = YES;
				CLANG_WARN_RANGE_LOOP_ANALYSIS = YES;
				CLANG_WARN_STRICT_PROTOTYPES = YES;
				CLANG_WARN_SUSPICIOUS_MOVE = YES;
				CLANG_WARN_UNGUARDED_AVAILABILITY = YES_AGGRESSIVE;
				CLANG_WARN_UNREACHABLE_CODE = YES;
				CLANG_WARN__DUPLICATE_METHOD_MATCH = YES;
				COPY_PHASE_STRIP = NO;
				DEBUG_INFORMATION_FORMAT = "dwarf-with-dsym";
				ENABLE_NS_ASSERTIONS = NO;
				ENABLE_STRICT_OBJC_MSGSEND = YES;
				GCC_C_LANGUAGE_STANDARD = gnu11;
				GCC_NO_COMMON_BLOCKS = YES;
				GCC_WARN_64_TO_32_BIT_CONVERSION = YES;
				GCC_WARN_ABOUT_RETURN_TYPE = YES_ERROR;
				GCC_WARN_UNDECLARED_SELECTOR = YES;
				GCC_WARN_UNINITIALIZED_AUTOS = YES_AGGRESSIVE;
				GCC_WARN_UNUSED_FUNCTION = YES;
				GCC_WARN_UNUSED_VARIABLE = YES;
				IPHONEOS_DEPLOYMENT_TARGET = 15.0;
				MTL_ENABLE_DEBUG_INFO = NO;
				MTL_FAST_MATH = YES;
				SDKROOT = iphoneos;
				SWIFT_COMPILATION_MODE = wholemodule;
				SWIFT_OPTIMIZATION_LEVEL = "-O";
				VALIDATE_PRODUCT = YES;
			};
			name = Release;
		};
		4DAF8D4D298EAEE70019024B /* Debug */ = {
			isa = XCBuildConfiguration;
			buildSettings = {
				ASSETCATALOG_COMPILER_APPICON_NAME = AppIcon;
				ASSETCATALOG_COMPILER_GLOBAL_ACCENT_COLOR_NAME = AccentColor;
				CODE_SIGN_STYLE = Automatic;
				CURRENT_PROJECT_VERSION = 1;
				DEVELOPMENT_ASSET_PATHS = "\"Chase.IO/Preview Content\"";
				DEVELOPMENT_TEAM = 46E53N7TL4;
				ENABLE_PREVIEWS = YES;
				GENERATE_INFOPLIST_FILE = YES;
				INFOPLIST_FILE = "Chase-IO-Info.plist";
				INFOPLIST_KEY_NSBluetoothAlwaysUsageDescription = "Provide user with ability to connect to BLE devices";
				INFOPLIST_KEY_NSLocationWhenInUseUsageDescription = "We need to use location";
				INFOPLIST_KEY_NSMotionUsageDescription = "Provide access to Gyroscope and Accelerometer data";
				INFOPLIST_KEY_UIApplicationSceneManifest_Generation = YES;
				INFOPLIST_KEY_UIApplicationSupportsIndirectInputEvents = YES;
				INFOPLIST_KEY_UILaunchScreen_Generation = YES;
				INFOPLIST_KEY_UISupportedInterfaceOrientations_iPad = "UIInterfaceOrientationPortrait UIInterfaceOrientationPortraitUpsideDown UIInterfaceOrientationLandscapeLeft UIInterfaceOrientationLandscapeRight";
				INFOPLIST_KEY_UISupportedInterfaceOrientations_iPhone = "UIInterfaceOrientationPortrait UIInterfaceOrientationLandscapeLeft UIInterfaceOrientationLandscapeRight";
				LD_RUNPATH_SEARCH_PATHS = (
					"$(inherited)",
					"@executable_path/Frameworks",
				);
				MARKETING_VERSION = 1.0;
				PRODUCT_BUNDLE_IDENTIFIER = "org.ichack.Chase-IO1";
				PRODUCT_NAME = "$(TARGET_NAME)";
				SWIFT_EMIT_LOC_STRINGS = YES;
				SWIFT_VERSION = 5.0;
				TARGETED_DEVICE_FAMILY = "1,2";
			};
			name = Debug;
		};
		4DAF8D4E298EAEE70019024B /* Release */ = {
			isa = XCBuildConfiguration;
			buildSettings = {
				ASSETCATALOG_COMPILER_APPICON_NAME = AppIcon;
				ASSETCATALOG_COMPILER_GLOBAL_ACCENT_COLOR_NAME = AccentColor;
				CODE_SIGN_STYLE = Automatic;
				CURRENT_PROJECT_VERSION = 1;
				DEVELOPMENT_ASSET_PATHS = "\"Chase.IO/Preview Content\"";
				DEVELOPMENT_TEAM = 46E53N7TL4;
				ENABLE_PREVIEWS = YES;
				GENERATE_INFOPLIST_FILE = YES;
				INFOPLIST_FILE = "Chase-IO-Info.plist";
				INFOPLIST_KEY_NSBluetoothAlwaysUsageDescription = "Provide user with ability to connect to BLE devices";
				INFOPLIST_KEY_NSLocationWhenInUseUsageDescription = "We need to use location";
				INFOPLIST_KEY_NSMotionUsageDescription = "Provide access to Gyroscope and Accelerometer data";
				INFOPLIST_KEY_UIApplicationSceneManifest_Generation = YES;
				INFOPLIST_KEY_UIApplicationSupportsIndirectInputEvents = YES;
				INFOPLIST_KEY_UILaunchScreen_Generation = YES;
				INFOPLIST_KEY_UISupportedInterfaceOrientations_iPad = "UIInterfaceOrientationPortrait UIInterfaceOrientationPortraitUpsideDown UIInterfaceOrientationLandscapeLeft UIInterfaceOrientationLandscapeRight";
				INFOPLIST_KEY_UISupportedInterfaceOrientations_iPhone = "UIInterfaceOrientationPortrait UIInterfaceOrientationLandscapeLeft UIInterfaceOrientationLandscapeRight";
				LD_RUNPATH_SEARCH_PATHS = (
					"$(inherited)",
					"@executable_path/Frameworks",
				);
				MARKETING_VERSION = 1.0;
				PRODUCT_BUNDLE_IDENTIFIER = "org.ichack.Chase-IO1";
				PRODUCT_NAME = "$(TARGET_NAME)";
				SWIFT_EMIT_LOC_STRINGS = YES;
				SWIFT_VERSION = 5.0;
				TARGETED_DEVICE_FAMILY = "1,2";
			};
			name = Release;
		};
/* End XCBuildConfiguration section */

/* Begin XCConfigurationList section */
		4DAF8D39298EAEE60019024B /* Build configuration list for PBXProject "Chase.IO" */ = {
			isa = XCConfigurationList;
			buildConfigurations = (
				4DAF8D4A298EAEE70019024B /* Debug */,
				4DAF8D4B298EAEE70019024B /* Release */,
			);
			defaultConfigurationIsVisible = 0;
			defaultConfigurationName = Release;
		};
		4DAF8D4C298EAEE70019024B /* Build configuration list for PBXNativeTarget "Chase.IO" */ = {
			isa = XCConfigurationList;
			buildConfigurations = (
				4DAF8D4D298EAEE70019024B /* Debug */,
				4DAF8D4E298EAEE70019024B /* Release */,
			);
			defaultConfigurationIsVisible = 0;
			defaultConfigurationName = Release;
		};
/* End XCConfigurationList section */

/* Begin XCRemoteSwiftPackageReference section */
		4D344686298F67A500EF544F /* XCRemoteSwiftPackageReference "TerraRTiOS" */ = {
			isa = XCRemoteSwiftPackageReference;
			repositoryURL = "https://github.com/tryterra/TerraRTiOS";
			requirement = {
				kind = revision;
				revision = 54edeaefa9f3e9fbc66504496c979492020b00fd;
			};
		};
		4D3C3A87298F6C600065D688 /* XCRemoteSwiftPackageReference "BetterSafariView" */ = {
			isa = XCRemoteSwiftPackageReference;
			repositoryURL = "https://github.com/stleamist/BetterSafariView.git";
			requirement = {
				branch = main;
				kind = branch;
			};
		};
/* End XCRemoteSwiftPackageReference section */

/* Begin XCSwiftPackageProductDependency section */
		4D344687298F67A500EF544F /* TerraRTiOS */ = {
			isa = XCSwiftPackageProductDependency;
			package = 4D344686298F67A500EF544F /* XCRemoteSwiftPackageReference "TerraRTiOS" */;
			productName = TerraRTiOS;
		};
		4D3C3A88298F6C600065D688 /* BetterSafariView */ = {
			isa = XCSwiftPackageProductDependency;
			package = 4D3C3A87298F6C600065D688 /* XCRemoteSwiftPackageReference "BetterSafariView" */;
			productName = BetterSafariView;
		};
/* End XCSwiftPackageProductDependency section */
	};
	rootObject = 4DAF8D36298EAEE60019024B /* Project object */;
}
